<?xml version="1.0" encoding="utf-8"?>
<Project ToolsVersion="4.0" xmlns="http://schemas.microsoft.com/developer/msbuild/2003">
  <ItemGroup>
    <ClCompile Include="main.cpp" />
    <ClCompile Include="EMGExectutor.cpp">
      <Filter>GUI</Filter>
    </ClCompile>
    <ClCompile Include="SignalParser.cpp">
      <Filter>Source Files</Filter>
    </ClCompile>
    <ClCompile Include="Serial.cpp">
      <Filter>Source Files</Filter>
    </ClCompile>
    <ClCompile Include="Timer.cpp">
      <Filter>Source Files</Filter>
    </ClCompile>
    <ClCompile Include="DumbLstm.cpp">
      <Filter>Source Files</Filter>
    </ClCompile>
  </ItemGroup>
  <ItemGroup>
    <Filter Include="GUI">
      <UniqueIdentifier>{988bdc12-1c11-41b4-bc4d-9c605b4ed6b6}</UniqueIdentifier>
    </Filter>
    <Filter Include="Source Files">
      <UniqueIdentifier>{1036a4fa-dd59-4355-80d2-03a046039abc}</UniqueIdentifier>
    </Filter>
    <Filter Include="Header Files">
      <UniqueIdentifier>{fd65f106-e791-495c-b2c2-0b5e42989981}</UniqueIdentifier>
    </Filter>
  </ItemGroup>
  <ItemGroup>
    <QtUic Include="EMGExectutor.ui">
      <Filter>GUI</Filter>
    </QtUic>
  </ItemGroup>
  <ItemGroup>
    <QtMoc Include="EMGExectutor.h">
      <Filter>GUI</Filter>
    </QtMoc>
  </ItemGroup>
  <ItemGroup>
    <QtRcc Include="EMGExectutor.qrc">
      <Filter>GUI</Filter>
    </QtRcc>
  </ItemGroup>
  <ItemGroup>
    <ClInclude Include="SignalParser.h">
      <Filter>Header Files</Filter>
    </ClInclude>
    <ClInclude Include="Serial.h">
      <Filter>Header Files</Filter>
    </ClInclude>
    <ClInclude Include="Timer.h">
      <Filter>Header Files</Filter>
    </ClInclude>
    <ClInclude Include="DumbLstm.h">
      <Filter>Header Files</Filter>
    </ClInclude>
  </ItemGroup>
</Project>